
Microsoft Visual Studio Solution File, Format Version 12.00
# Visual Studio Version 17
VisualStudioVersion = 17.4.33213.308
MinimumVisualStudioVersion = 10.0.40219.1
Project("{9A19103F-16F7-4668-BE54-9A1E7A4F7556}") = "Sunmerx.Collector", "Sunmerx.Collector\Sunmerx.Collector.csproj", "{C59B73CC-88A2-4167-A7EA-562DA290D65D}"
EndProject
Project("{2150E333-8FDC-42A3-9474-1A3956D46DE8}") = "Test", "Test", "{8BE111E7-635B-46D6-A5EA-75FAD268B8F0}"
EndProject
Project("{9A19103F-16F7-4668-BE54-9A1E7A4F7556}") = "NodeLibTest", "NodeLibTest\NodeLibTest.csproj", "{31A88C02-F13E-4563-AD2C-39247D4EECC1}"
EndProject
Project("{9A19103F-16F7-4668-BE54-9A1E7A4F7556}") = "Sunmerx.Common.Core", "Sunmerx.Common.Core\Sunmerx.Common.Core.csproj", "{45A3D909-9021-42A1-82AA-D9122AD190AB}"
EndProject
Project("{9A19103F-16F7-4668-BE54-9A1E7A4F7556}") = "Sunmerx.Interactive.Core", "Sunmerx.Interactive.Core\Sunmerx.Interactive.Core.csproj", "{49D9FB50-DC6E-4892-9AA7-2DF7596C7491}"
EndProject
Project("{9A19103F-16F7-4668-BE54-9A1E7A4F7556}") = "Sunmerx.Node.Core", "Sunmerx.Node.Core\Sunmerx.Node.Core.csproj", "{B5468B3B-C106-45F2-BB68-A8D647E083D3}"
EndProject
Project("{FAE04EC0-301F-11D3-BF4B-00C04F79EFBC}") = "Sunmerx.Base.Abstract", "Sunmerx.Base.Abstract\Sunmerx.Base.Abstract.csproj", "{740053D3-1224-489E-9F73-2F7E63C64D6A}"
EndProject
Project("{FAE04EC0-301F-11D3-BF4B-00C04F79EFBC}") = "Sunmerx.Base.Models", "Sunmerx.Base.Models\Sunmerx.Base.Models.csproj", "{1E5FD1F7-9A59-4758-A061-651753608AE3}"
EndProject
Global
	GlobalSection(SolutionConfigurationPlatforms) = preSolution
		Debug|Any CPU = Debug|Any CPU
		Release|Any CPU = Release|Any CPU
	EndGlobalSection
	GlobalSection(ProjectConfigurationPlatforms) = postSolution
		{C59B73CC-88A2-4167-A7EA-562DA290D65D}.Debug|Any CPU.ActiveCfg = Debug|Any CPU
		{C59B73CC-88A2-4167-A7EA-562DA290D65D}.Debug|Any CPU.Build.0 = Debug|Any CPU
		{C59B73CC-88A2-4167-A7EA-562DA290D65D}.Release|Any CPU.ActiveCfg = Release|Any CPU
		{C59B73CC-88A2-4167-A7EA-562DA290D65D}.Release|Any CPU.Build.0 = Release|Any CPU
		{31A88C02-F13E-4563-AD2C-39247D4EECC1}.Debug|Any CPU.ActiveCfg = Debug|Any CPU
		{31A88C02-F13E-4563-AD2C-39247D4EECC1}.Debug|Any CPU.Build.0 = Debug|Any CPU
		{31A88C02-F13E-4563-AD2C-39247D4EECC1}.Release|Any CPU.ActiveCfg = Release|Any CPU
		{31A88C02-F13E-4563-AD2C-39247D4EECC1}.Release|Any CPU.Build.0 = Release|Any CPU
		{45A3D909-9021-42A1-82AA-D9122AD190AB}.Debug|Any CPU.ActiveCfg = Debug|Any CPU
		{45A3D909-9021-42A1-82AA-D9122AD190AB}.Debug|Any CPU.Build.0 = Debug|Any CPU
		{45A3D909-9021-42A1-82AA-D9122AD190AB}.Release|Any CPU.ActiveCfg = Release|Any CPU
		{45A3D909-9021-42A1-82AA-D9122AD190AB}.Release|Any CPU.Build.0 = Release|Any CPU
		{49D9FB50-DC6E-4892-9AA7-2DF7596C7491}.Debug|Any CPU.ActiveCfg = Debug|Any CPU
		{49D9FB50-DC6E-4892-9AA7-2DF7596C7491}.Debug|Any CPU.Build.0 = Debug|Any CPU
		{49D9FB50-DC6E-4892-9AA7-2DF7596C7491}.Release|Any CPU.ActiveCfg = Release|Any CPU
		{49D9FB50-DC6E-4892-9AA7-2DF7596C7491}.Release|Any CPU.Build.0 = Release|Any CPU
		{B5468B3B-C106-45F2-BB68-A8D647E083D3}.Debug|Any CPU.ActiveCfg = Debug|Any CPU
		{B5468B3B-C106-45F2-BB68-A8D647E083D3}.Debug|Any CPU.Build.0 = Debug|Any CPU
		{B5468B3B-C106-45F2-BB68-A8D647E083D3}.Release|Any CPU.ActiveCfg = Release|Any CPU
		{B5468B3B-C106-45F2-BB68-A8D647E083D3}.Release|Any CPU.Build.0 = Release|Any CPU
		{740053D3-1224-489E-9F73-2F7E63C64D6A}.Debug|Any CPU.ActiveCfg = Debug|Any CPU
		{740053D3-1224-489E-9F73-2F7E63C64D6A}.Debug|Any CPU.Build.0 = Debug|Any CPU
		{740053D3-1224-489E-9F73-2F7E63C64D6A}.Release|Any CPU.ActiveCfg = Release|Any CPU
		{740053D3-1224-489E-9F73-2F7E63C64D6A}.Release|Any CPU.Build.0 = Release|Any CPU
		{1E5FD1F7-9A59-4758-A061-651753608AE3}.Debug|Any CPU.ActiveCfg = Debug|Any CPU
		{1E5FD1F7-9A59-4758-A061-651753608AE3}.Debug|Any CPU.Build.0 = Debug|Any CPU
		{1E5FD1F7-9A59-4758-A061-651753608AE3}.Release|Any CPU.ActiveCfg = Release|Any CPU
		{1E5FD1F7-9A59-4758-A061-651753608AE3}.Release|Any CPU.Build.0 = Release|Any CPU
	EndGlobalSection
	GlobalSection(SolutionProperties) = preSolution
		HideSolutionNode = FALSE
	EndGlobalSection
	GlobalSection(NestedProjects) = preSolution
		{31A88C02-F13E-4563-AD2C-39247D4EECC1} = {8BE111E7-635B-46D6-A5EA-75FAD268B8F0}
	EndGlobalSection
	GlobalSection(ExtensibilityGlobals) = postSolution
		SolutionGuid = {D4D45746-B3A5-48BB-AD41-551E993DE149}
	EndGlobalSection
EndGlobal
